// !$*UTF8*$!
{
	archiveVersion = 1;
	classes = {
	};
	objectVersion = 52;
	objects = {

/* Begin PBXBuildFile section */
		E8090A3224153E2100E2740A /* CityWeather+CoreDataClass.swift in Sources */ = {isa = PBXBuildFile; fileRef = E8090A3024153E2100E2740A /* CityWeather+CoreDataClass.swift */; };
		E8090A3324153E2100E2740A /* CityWeather+CoreDataProperties.swift in Sources */ = {isa = PBXBuildFile; fileRef = E8090A3124153E2100E2740A /* CityWeather+CoreDataProperties.swift */; };
		E8090A352415522400E2740A /* CityForecastViewController.swift in Sources */ = {isa = PBXBuildFile; fileRef = E8090A342415522400E2740A /* CityForecastViewController.swift */; };
		E8090A372415526C00E2740A /* CityForecastViewModel.swift in Sources */ = {isa = PBXBuildFile; fileRef = E8090A362415526C00E2740A /* CityForecastViewModel.swift */; };
		E8090A392415A46200E2740A /* CityFutureForecastTableViewController.swift in Sources */ = {isa = PBXBuildFile; fileRef = E8090A382415A46200E2740A /* CityFutureForecastTableViewController.swift */; };
		E823AE1B24123E9C0053C571 /* CoreDataInterface.swift in Sources */ = {isa = PBXBuildFile; fileRef = E823AE1A24123E9C0053C571 /* CoreDataInterface.swift */; };
		E823AE1D241388180053C571 /* Weather.swift in Sources */ = {isa = PBXBuildFile; fileRef = E823AE1C241388180053C571 /* Weather.swift */; };
		E823AE20241392570053C571 /* JsonParser.swift in Sources */ = {isa = PBXBuildFile; fileRef = E823AE1F241392570053C571 /* JsonParser.swift */; };
		E823AE22241445230053C571 /* CityWeatherViewModel.swift in Sources */ = {isa = PBXBuildFile; fileRef = E823AE21241445230053C571 /* CityWeatherViewModel.swift */; };
		E832E6E8240EFA4700408507 /* Colors.swift in Sources */ = {isa = PBXBuildFile; fileRef = E832E6E7240EFA4700408507 /* Colors.swift */; };
		E832E6EA240EFD7500408507 /* Texts.swift in Sources */ = {isa = PBXBuildFile; fileRef = E832E6E9240EFD7500408507 /* Texts.swift */; };
		E8568567240FAB78008B7A29 /* MyViewsCustomized in Frameworks */ = {isa = PBXBuildFile; productRef = E8568566240FAB78008B7A29 /* MyViewsCustomized */; };
		E856856A240FAE06008B7A29 /* UIButton+Config.swift in Sources */ = {isa = PBXBuildFile; fileRef = E8568569240FAE06008B7A29 /* UIButton+Config.swift */; };
		E856856C240FB31E008B7A29 /* CitiesTableViewController.swift in Sources */ = {isa = PBXBuildFile; fileRef = E856856B240FB31E008B7A29 /* CitiesTableViewController.swift */; };
		E856856E240FB42B008B7A29 /* UIViewController+Utils.swift in Sources */ = {isa = PBXBuildFile; fileRef = E856856D240FB42B008B7A29 /* UIViewController+Utils.swift */; };
		E8568572240FB791008B7A29 /* UIcollectionView+Config.swift in Sources */ = {isa = PBXBuildFile; fileRef = E8568571240FB791008B7A29 /* UIcollectionView+Config.swift */; };
		E8568574240FB7C3008B7A29 /* UICollectionViewFlowLayout+config.swift in Sources */ = {isa = PBXBuildFile; fileRef = E8568573240FB7C3008B7A29 /* UICollectionViewFlowLayout+config.swift */; };
		E8568579240FBD6C008B7A29 /* CityCollectionViewCell.swift in Sources */ = {isa = PBXBuildFile; fileRef = E8568578240FBD6C008B7A29 /* CityCollectionViewCell.swift */; };
		E856857B240FC0C0008B7A29 /* UserDefaults.swift in Sources */ = {isa = PBXBuildFile; fileRef = E856857A240FC0C0008B7A29 /* UserDefaults.swift */; };
		E856857F24100B38008B7A29 /* Values.swift in Sources */ = {isa = PBXBuildFile; fileRef = E856857E24100B38008B7A29 /* Values.swift */; };
		E856858424101406008B7A29 /* CitiesViewModel.swift in Sources */ = {isa = PBXBuildFile; fileRef = E856858324101406008B7A29 /* CitiesViewModel.swift */; };
		E85685862410F0A7008B7A29 /* UILabel+Config.swift in Sources */ = {isa = PBXBuildFile; fileRef = E85685852410F0A7008B7A29 /* UILabel+Config.swift */; };
		E85685882410F170008B7A29 /* CityTableViewCell.swift in Sources */ = {isa = PBXBuildFile; fileRef = E85685872410F170008B7A29 /* CityTableViewCell.swift */; };
		E856858A2410F238008B7A29 /* Font+Config.swift in Sources */ = {isa = PBXBuildFile; fileRef = E85685892410F238008B7A29 /* Font+Config.swift */; };
		E856858C2410F57C008B7A29 /* CitiesGridViewController.swift in Sources */ = {isa = PBXBuildFile; fileRef = E856858B2410F57C008B7A29 /* CitiesGridViewController.swift */; };
		E856858E2410F984008B7A29 /* UITableViewCell+Cofig.swift in Sources */ = {isa = PBXBuildFile; fileRef = E856858D2410F984008B7A29 /* UITableViewCell+Cofig.swift */; };
		E85685902410FAEB008B7A29 /* UITableView+Config.swift in Sources */ = {isa = PBXBuildFile; fileRef = E856858F2410FAEB008B7A29 /* UITableView+Config.swift */; };
		E85685922410FBFF008B7A29 /* UIcollectionViewCell+Config.swift in Sources */ = {isa = PBXBuildFile; fileRef = E85685912410FBFF008B7A29 /* UIcollectionViewCell+Config.swift */; };
		E856859424110AE7008B7A29 /* City.swift in Sources */ = {isa = PBXBuildFile; fileRef = E856859324110AE7008B7A29 /* City.swift */; };
		E856859724110BF0008B7A29 /* CollectionViewDataSource.swift in Sources */ = {isa = PBXBuildFile; fileRef = E856859624110BF0008B7A29 /* CollectionViewDataSource.swift */; };
		E856859B24110FCB008B7A29 /* TableViewDataSource.swift in Sources */ = {isa = PBXBuildFile; fileRef = E856859A24110FCB008B7A29 /* TableViewDataSource.swift */; };
		E85685C324113DB4008B7A29 /* DataFetch.swift in Sources */ = {isa = PBXBuildFile; fileRef = E85685C224113DB4008B7A29 /* DataFetch.swift */; };
		E85685C524113EAD008B7A29 /* MoyaNetworkService.swift in Sources */ = {isa = PBXBuildFile; fileRef = E85685C424113EAD008B7A29 /* MoyaNetworkService.swift */; };
		E85685C824113F4C008B7A29 /* Moya in Frameworks */ = {isa = PBXBuildFile; productRef = E85685C724113F4C008B7A29 /* Moya */; };
		E85685CA24114202008B7A29 /* MoyaConfig.swift in Sources */ = {isa = PBXBuildFile; fileRef = E85685C924114202008B7A29 /* MoyaConfig.swift */; };
		E8C7025C240EF76000518438 /* AppDelegate.swift in Sources */ = {isa = PBXBuildFile; fileRef = E8C7025B240EF76000518438 /* AppDelegate.swift */; };
		E8C7025E240EF76000518438 /* SceneDelegate.swift in Sources */ = {isa = PBXBuildFile; fileRef = E8C7025D240EF76000518438 /* SceneDelegate.swift */; };
		E8C70260240EF76000518438 /* ViewController.swift in Sources */ = {isa = PBXBuildFile; fileRef = E8C7025F240EF76000518438 /* ViewController.swift */; };
		E8C70266240EF76000518438 /* OpenWeatherApp.xcdatamodeld in Sources */ = {isa = PBXBuildFile; fileRef = E8C70264240EF76000518438 /* OpenWeatherApp.xcdatamodeld */; };
		E8C70268240EF76900518438 /* Assets.xcassets in Resources */ = {isa = PBXBuildFile; fileRef = E8C70267240EF76900518438 /* Assets.xcassets */; };
		E8C7026B240EF76900518438 /* LaunchScreen.storyboard in Resources */ = {isa = PBXBuildFile; fileRef = E8C70269240EF76900518438 /* LaunchScreen.storyboard */; };
		E8C70278240EF96200518438 /* CitiesListViewController.swift in Sources */ = {isa = PBXBuildFile; fileRef = E8C70277240EF96200518438 /* CitiesListViewController.swift */; };
/* End PBXBuildFile section */

/* Begin PBXFileReference section */
		E8090A3024153E2100E2740A /* CityWeather+CoreDataClass.swift */ = {isa = PBXFileReference; lastKnownFileType = sourcecode.swift; path = "CityWeather+CoreDataClass.swift"; sourceTree = "<group>"; };
		E8090A3124153E2100E2740A /* CityWeather+CoreDataProperties.swift */ = {isa = PBXFileReference; lastKnownFileType = sourcecode.swift; path = "CityWeather+CoreDataProperties.swift"; sourceTree = "<group>"; };
		E8090A342415522400E2740A /* CityForecastViewController.swift */ = {isa = PBXFileReference; lastKnownFileType = sourcecode.swift; path = CityForecastViewController.swift; sourceTree = "<group>"; };
		E8090A362415526C00E2740A /* CityForecastViewModel.swift */ = {isa = PBXFileReference; lastKnownFileType = sourcecode.swift; path = CityForecastViewModel.swift; sourceTree = "<group>"; };
		E8090A382415A46200E2740A /* CityFutureForecastTableViewController.swift */ = {isa = PBXFileReference; lastKnownFileType = sourcecode.swift; path = CityFutureForecastTableViewController.swift; sourceTree = "<group>"; };
		E823AE1A24123E9C0053C571 /* CoreDataInterface.swift */ = {isa = PBXFileReference; lastKnownFileType = sourcecode.swift; path = CoreDataInterface.swift; sourceTree = "<group>"; };
		E823AE1C241388180053C571 /* Weather.swift */ = {isa = PBXFileReference; lastKnownFileType = sourcecode.swift; path = Weather.swift; sourceTree = "<group>"; };
		E823AE1F241392570053C571 /* JsonParser.swift */ = {isa = PBXFileReference; lastKnownFileType = sourcecode.swift; path = JsonParser.swift; sourceTree = "<group>"; };
		E823AE21241445230053C571 /* CityWeatherViewModel.swift */ = {isa = PBXFileReference; lastKnownFileType = sourcecode.swift; path = CityWeatherViewModel.swift; sourceTree = "<group>"; };
		E832E6E7240EFA4700408507 /* Colors.swift */ = {isa = PBXFileReference; lastKnownFileType = sourcecode.swift; path = Colors.swift; sourceTree = "<group>"; };
		E832E6E9240EFD7500408507 /* Texts.swift */ = {isa = PBXFileReference; lastKnownFileType = sourcecode.swift; path = Texts.swift; sourceTree = "<group>"; };
		E8568569240FAE06008B7A29 /* UIButton+Config.swift */ = {isa = PBXFileReference; lastKnownFileType = sourcecode.swift; path = "UIButton+Config.swift"; sourceTree = "<group>"; };
		E856856B240FB31E008B7A29 /* CitiesTableViewController.swift */ = {isa = PBXFileReference; lastKnownFileType = sourcecode.swift; path = CitiesTableViewController.swift; sourceTree = "<group>"; };
		E856856D240FB42B008B7A29 /* UIViewController+Utils.swift */ = {isa = PBXFileReference; lastKnownFileType = sourcecode.swift; path = "UIViewController+Utils.swift"; sourceTree = "<group>"; };
		E8568571240FB791008B7A29 /* UIcollectionView+Config.swift */ = {isa = PBXFileReference; lastKnownFileType = sourcecode.swift; path = "UIcollectionView+Config.swift"; sourceTree = "<group>"; };
		E8568573240FB7C3008B7A29 /* UICollectionViewFlowLayout+config.swift */ = {isa = PBXFileReference; lastKnownFileType = sourcecode.swift; path = "UICollectionViewFlowLayout+config.swift"; sourceTree = "<group>"; };
		E8568578240FBD6C008B7A29 /* CityCollectionViewCell.swift */ = {isa = PBXFileReference; lastKnownFileType = sourcecode.swift; path = CityCollectionViewCell.swift; sourceTree = "<group>"; };
		E856857A240FC0C0008B7A29 /* UserDefaults.swift */ = {isa = PBXFileReference; lastKnownFileType = sourcecode.swift; path = UserDefaults.swift; sourceTree = "<group>"; };
		E856857E24100B38008B7A29 /* Values.swift */ = {isa = PBXFileReference; lastKnownFileType = sourcecode.swift; path = Values.swift; sourceTree = "<group>"; };
		E856858324101406008B7A29 /* CitiesViewModel.swift */ = {isa = PBXFileReference; lastKnownFileType = sourcecode.swift; path = CitiesViewModel.swift; sourceTree = "<group>"; };
		E85685852410F0A7008B7A29 /* UILabel+Config.swift */ = {isa = PBXFileReference; lastKnownFileType = sourcecode.swift; path = "UILabel+Config.swift"; sourceTree = "<group>"; };
		E85685872410F170008B7A29 /* CityTableViewCell.swift */ = {isa = PBXFileReference; lastKnownFileType = sourcecode.swift; path = CityTableViewCell.swift; sourceTree = "<group>"; };
		E85685892410F238008B7A29 /* Font+Config.swift */ = {isa = PBXFileReference; lastKnownFileType = sourcecode.swift; path = "Font+Config.swift"; sourceTree = "<group>"; };
		E856858B2410F57C008B7A29 /* CitiesGridViewController.swift */ = {isa = PBXFileReference; lastKnownFileType = sourcecode.swift; path = CitiesGridViewController.swift; sourceTree = "<group>"; };
		E856858D2410F984008B7A29 /* UITableViewCell+Cofig.swift */ = {isa = PBXFileReference; lastKnownFileType = sourcecode.swift; path = "UITableViewCell+Cofig.swift"; sourceTree = "<group>"; };
		E856858F2410FAEB008B7A29 /* UITableView+Config.swift */ = {isa = PBXFileReference; lastKnownFileType = sourcecode.swift; path = "UITableView+Config.swift"; sourceTree = "<group>"; };
		E85685912410FBFF008B7A29 /* UIcollectionViewCell+Config.swift */ = {isa = PBXFileReference; lastKnownFileType = sourcecode.swift; path = "UIcollectionViewCell+Config.swift"; sourceTree = "<group>"; };
		E856859324110AE7008B7A29 /* City.swift */ = {isa = PBXFileReference; lastKnownFileType = sourcecode.swift; path = City.swift; sourceTree = "<group>"; };
		E856859624110BF0008B7A29 /* CollectionViewDataSource.swift */ = {isa = PBXFileReference; lastKnownFileType = sourcecode.swift; path = CollectionViewDataSource.swift; sourceTree = "<group>"; };
		E856859A24110FCB008B7A29 /* TableViewDataSource.swift */ = {isa = PBXFileReference; lastKnownFileType = sourcecode.swift; path = TableViewDataSource.swift; sourceTree = "<group>"; };
		E85685C224113DB4008B7A29 /* DataFetch.swift */ = {isa = PBXFileReference; lastKnownFileType = sourcecode.swift; path = DataFetch.swift; sourceTree = "<group>"; };
		E85685C424113EAD008B7A29 /* MoyaNetworkService.swift */ = {isa = PBXFileReference; lastKnownFileType = sourcecode.swift; path = MoyaNetworkService.swift; sourceTree = "<group>"; };
		E85685C924114202008B7A29 /* MoyaConfig.swift */ = {isa = PBXFileReference; lastKnownFileType = sourcecode.swift; path = MoyaConfig.swift; sourceTree = "<group>"; };
		E8C70258240EF76000518438 /* OpenWeatherApp.app */ = {isa = PBXFileReference; explicitFileType = wrapper.application; includeInIndex = 0; path = OpenWeatherApp.app; sourceTree = BUILT_PRODUCTS_DIR; };
		E8C7025B240EF76000518438 /* AppDelegate.swift */ = {isa = PBXFileReference; lastKnownFileType = sourcecode.swift; path = AppDelegate.swift; sourceTree = "<group>"; };
		E8C7025D240EF76000518438 /* SceneDelegate.swift */ = {isa = PBXFileReference; lastKnownFileType = sourcecode.swift; path = SceneDelegate.swift; sourceTree = "<group>"; };
		E8C7025F240EF76000518438 /* ViewController.swift */ = {isa = PBXFileReference; lastKnownFileType = sourcecode.swift; path = ViewController.swift; sourceTree = "<group>"; };
		E8C70265240EF76000518438 /* OpenWeatherApp.xcdatamodel */ = {isa = PBXFileReference; lastKnownFileType = wrapper.xcdatamodel; path = OpenWeatherApp.xcdatamodel; sourceTree = "<group>"; };
		E8C70267240EF76900518438 /* Assets.xcassets */ = {isa = PBXFileReference; lastKnownFileType = folder.assetcatalog; path = Assets.xcassets; sourceTree = "<group>"; };
		E8C7026A240EF76900518438 /* Base */ = {isa = PBXFileReference; lastKnownFileType = file.storyboard; name = Base; path = Base.lproj/LaunchScreen.storyboard; sourceTree = "<group>"; };
		E8C7026C240EF76900518438 /* Info.plist */ = {isa = PBXFileReference; lastKnownFileType = text.plist.xml; path = Info.plist; sourceTree = "<group>"; };
		E8C70277240EF96200518438 /* CitiesListViewController.swift */ = {isa = PBXFileReference; lastKnownFileType = sourcecode.swift; path = CitiesListViewController.swift; sourceTree = "<group>"; };
/* End PBXFileReference section */

/* Begin PBXFrameworksBuildPhase section */
		E8C70255240EF76000518438 /* Frameworks */ = {
			isa = PBXFrameworksBuildPhase;
			buildActionMask = 2147483647;
			files = (
				E85685C824113F4C008B7A29 /* Moya in Frameworks */,
				E8568567240FAB78008B7A29 /* MyViewsCustomized in Frameworks */,
			);
			runOnlyForDeploymentPostprocessing = 0;
		};
/* End PBXFrameworksBuildPhase section */

/* Begin PBXGroup section */
		E823AE1524123E270053C571 /* DataBase */ = {
			isa = PBXGroup;
			children = (
				E8090A3024153E2100E2740A /* CityWeather+CoreDataClass.swift */,
				E8090A3124153E2100E2740A /* CityWeather+CoreDataProperties.swift */,
				E823AE1A24123E9C0053C571 /* CoreDataInterface.swift */,
			);
			path = DataBase;
			sourceTree = "<group>";
		};
		E823AE1E241392460053C571 /* Parser */ = {
			isa = PBXGroup;
			children = (
				E823AE1F241392570053C571 /* JsonParser.swift */,
			);
			path = Parser;
			sourceTree = "<group>";
		};
		E8568568240FADEB008B7A29 /* Utils */ = {
			isa = PBXGroup;
			children = (
				E8568569240FAE06008B7A29 /* UIButton+Config.swift */,
				E856856D240FB42B008B7A29 /* UIViewController+Utils.swift */,
				E8568571240FB791008B7A29 /* UIcollectionView+Config.swift */,
				E8568573240FB7C3008B7A29 /* UICollectionViewFlowLayout+config.swift */,
				E85685852410F0A7008B7A29 /* UILabel+Config.swift */,
				E85685892410F238008B7A29 /* Font+Config.swift */,
				E856858D2410F984008B7A29 /* UITableViewCell+Cofig.swift */,
				E856858F2410FAEB008B7A29 /* UITableView+Config.swift */,
				E85685912410FBFF008B7A29 /* UIcollectionViewCell+Config.swift */,
			);
			path = Utils;
			sourceTree = "<group>";
		};
		E8568577240FBD4D008B7A29 /* CustomViews */ = {
			isa = PBXGroup;
			children = (
				E8568578240FBD6C008B7A29 /* CityCollectionViewCell.swift */,
				E85685872410F170008B7A29 /* CityTableViewCell.swift */,
			);
			path = CustomViews;
			sourceTree = "<group>";
		};
		E8568580241013C6008B7A29 /* ViewModels */ = {
			isa = PBXGroup;
			children = (
				E856858324101406008B7A29 /* CitiesViewModel.swift */,
				E823AE21241445230053C571 /* CityWeatherViewModel.swift */,
				E8090A362415526C00E2740A /* CityForecastViewModel.swift */,
			);
			path = ViewModels;
			sourceTree = "<group>";
		};
		E856859524110BD0008B7A29 /* DataSource */ = {
			isa = PBXGroup;
			children = (
				E856859624110BF0008B7A29 /* CollectionViewDataSource.swift */,
				E856859A24110FCB008B7A29 /* TableViewDataSource.swift */,
			);
			path = DataSource;
			sourceTree = "<group>";
		};
		E85685C124113D86008B7A29 /* Network */ = {
			isa = PBXGroup;
			children = (
				E85685C224113DB4008B7A29 /* DataFetch.swift */,
				E85685C424113EAD008B7A29 /* MoyaNetworkService.swift */,
				E85685C924114202008B7A29 /* MoyaConfig.swift */,
			);
			path = Network;
			sourceTree = "<group>";
		};
		E8C7024F240EF76000518438 = {
			isa = PBXGroup;
			children = (
				E8C7025A240EF76000518438 /* OpenWeatherApp */,
				E8C70259240EF76000518438 /* Products */,
			);
			sourceTree = "<group>";
		};
		E8C70259240EF76000518438 /* Products */ = {
			isa = PBXGroup;
			children = (
				E8C70258240EF76000518438 /* OpenWeatherApp.app */,
			);
			name = Products;
			sourceTree = "<group>";
		};
		E8C7025A240EF76000518438 /* OpenWeatherApp */ = {
			isa = PBXGroup;
			children = (
				E823AE1E241392460053C571 /* Parser */,
				E823AE1524123E270053C571 /* DataBase */,
				E85685C124113D86008B7A29 /* Network */,
				E856859524110BD0008B7A29 /* DataSource */,
				E8568580241013C6008B7A29 /* ViewModels */,
				E8568577240FBD4D008B7A29 /* CustomViews */,
				E8568568240FADEB008B7A29 /* Utils */,
				E8C70276240EF8B400518438 /* Constants */,
				E8C70275240EF8AD00518438 /* Models */,
				E8C70274240EF8A600518438 /* Views */,
				E8C70273240EF87200518438 /* Data */,
				E8C70272240EF84200518438 /* Support */,
				E8C7025F240EF76000518438 /* ViewController.swift */,
				E8C7026C240EF76900518438 /* Info.plist */,
			);
			path = OpenWeatherApp;
			sourceTree = "<group>";
		};
		E8C70272240EF84200518438 /* Support */ = {
			isa = PBXGroup;
			children = (
				E8C7025D240EF76000518438 /* SceneDelegate.swift */,
				E8C7025B240EF76000518438 /* AppDelegate.swift */,
				E8C70267240EF76900518438 /* Assets.xcassets */,
				E8C70269240EF76900518438 /* LaunchScreen.storyboard */,
			);
			path = Support;
			sourceTree = "<group>";
		};
		E8C70273240EF87200518438 /* Data */ = {
			isa = PBXGroup;
			children = (
				E8C70264240EF76000518438 /* OpenWeatherApp.xcdatamodeld */,
				E856857A240FC0C0008B7A29 /* UserDefaults.swift */,
			);
			path = Data;
			sourceTree = "<group>";
		};
		E8C70274240EF8A600518438 /* Views */ = {
			isa = PBXGroup;
			children = (
				E8C70277240EF96200518438 /* CitiesListViewController.swift */,
				E856856B240FB31E008B7A29 /* CitiesTableViewController.swift */,
				E856858B2410F57C008B7A29 /* CitiesGridViewController.swift */,
				E8090A342415522400E2740A /* CityForecastViewController.swift */,
				E8090A382415A46200E2740A /* CityFutureForecastTableViewController.swift */,
			);
			path = Views;
			sourceTree = "<group>";
		};
		E8C70275240EF8AD00518438 /* Models */ = {
			isa = PBXGroup;
			children = (
				E856859324110AE7008B7A29 /* City.swift */,
				E823AE1C241388180053C571 /* Weather.swift */,
			);
			path = Models;
			sourceTree = "<group>";
		};
		E8C70276240EF8B400518438 /* Constants */ = {
			isa = PBXGroup;
			children = (
				E832E6E7240EFA4700408507 /* Colors.swift */,
				E832E6E9240EFD7500408507 /* Texts.swift */,
				E856857E24100B38008B7A29 /* Values.swift */,
			);
			path = Constants;
			sourceTree = "<group>";
		};
/* End PBXGroup section */

/* Begin PBXNativeTarget section */
		E8C70257240EF76000518438 /* OpenWeatherApp */ = {
			isa = PBXNativeTarget;
			buildConfigurationList = E8C7026F240EF76900518438 /* Build configuration list for PBXNativeTarget "OpenWeatherApp" */;
			buildPhases = (
				E8C70254240EF76000518438 /* Sources */,
				E8C70255240EF76000518438 /* Frameworks */,
				E8C70256240EF76000518438 /* Resources */,
			);
			buildRules = (
			);
			dependencies = (
			);
			name = OpenWeatherApp;
			packageProductDependencies = (
				E8568566240FAB78008B7A29 /* MyViewsCustomized */,
				E85685C724113F4C008B7A29 /* Moya */,
			);
			productName = OpenWeatherApp;
			productReference = E8C70258240EF76000518438 /* OpenWeatherApp.app */;
			productType = "com.apple.product-type.application";
		};
/* End PBXNativeTarget section */

/* Begin PBXProject section */
		E8C70250240EF76000518438 /* Project object */ = {
			isa = PBXProject;
			attributes = {
				LastSwiftUpdateCheck = 1130;
				LastUpgradeCheck = 1130;
				ORGANIZATIONNAME = nbpApps;
				TargetAttributes = {
					E8C70257240EF76000518438 = {
						CreatedOnToolsVersion = 11.3;
					};
				};
			};
			buildConfigurationList = E8C70253240EF76000518438 /* Build configuration list for PBXProject "OpenWeatherApp" */;
			compatibilityVersion = "Xcode 9.3";
			developmentRegion = en;
			hasScannedForEncodings = 0;
			knownRegions = (
				en,
				Base,
			);
			mainGroup = E8C7024F240EF76000518438;
			packageReferences = (
				E8568565240FAB78008B7A29 /* XCRemoteSwiftPackageReference "MyViewsCustomized" */,
				E85685C624113F4C008B7A29 /* XCRemoteSwiftPackageReference "Moya" */,
			);
			productRefGroup = E8C70259240EF76000518438 /* Products */;
			projectDirPath = "";
			projectRoot = "";
			targets = (
				E8C70257240EF76000518438 /* OpenWeatherApp */,
			);
		};
/* End PBXProject section */

/* Begin PBXResourcesBuildPhase section */
		E8C70256240EF76000518438 /* Resources */ = {
			isa = PBXResourcesBuildPhase;
			buildActionMask = 2147483647;
			files = (
				E8C7026B240EF76900518438 /* LaunchScreen.storyboard in Resources */,
				E8C70268240EF76900518438 /* Assets.xcassets in Resources */,
			);
			runOnlyForDeploymentPostprocessing = 0;
		};
/* End PBXResourcesBuildPhase section */

/* Begin PBXSourcesBuildPhase section */
		E8C70254240EF76000518438 /* Sources */ = {
			isa = PBXSourcesBuildPhase;
			buildActionMask = 2147483647;
			files = (
				E8C70260240EF76000518438 /* ViewController.swift in Sources */,
				E856858424101406008B7A29 /* CitiesViewModel.swift in Sources */,
				E8090A392415A46200E2740A /* CityFutureForecastTableViewController.swift in Sources */,
				E856858E2410F984008B7A29 /* UITableViewCell+Cofig.swift in Sources */,
				E85685882410F170008B7A29 /* CityTableViewCell.swift in Sources */,
				E8090A372415526C00E2740A /* CityForecastViewModel.swift in Sources */,
				E832E6EA240EFD7500408507 /* Texts.swift in Sources */,
				E8568574240FB7C3008B7A29 /* UICollectionViewFlowLayout+config.swift in Sources */,
				E823AE1B24123E9C0053C571 /* CoreDataInterface.swift in Sources */,
				E856859424110AE7008B7A29 /* City.swift in Sources */,
				E856856C240FB31E008B7A29 /* CitiesTableViewController.swift in Sources */,
				E832E6E8240EFA4700408507 /* Colors.swift in Sources */,
				E85685CA24114202008B7A29 /* MoyaConfig.swift in Sources */,
				E85685862410F0A7008B7A29 /* UILabel+Config.swift in Sources */,
				E823AE22241445230053C571 /* CityWeatherViewModel.swift in Sources */,
				E856859B24110FCB008B7A29 /* TableViewDataSource.swift in Sources */,
				E856858A2410F238008B7A29 /* Font+Config.swift in Sources */,
				E856856E240FB42B008B7A29 /* UIViewController+Utils.swift in Sources */,
				E856856A240FAE06008B7A29 /* UIButton+Config.swift in Sources */,
				E8568579240FBD6C008B7A29 /* CityCollectionViewCell.swift in Sources */,
				E85685922410FBFF008B7A29 /* UIcollectionViewCell+Config.swift in Sources */,
				E85685C524113EAD008B7A29 /* MoyaNetworkService.swift in Sources */,
				E85685902410FAEB008B7A29 /* UITableView+Config.swift in Sources */,
				E8090A3224153E2100E2740A /* CityWeather+CoreDataClass.swift in Sources */,
				E85685C324113DB4008B7A29 /* DataFetch.swift in Sources */,
				E8C7025C240EF76000518438 /* AppDelegate.swift in Sources */,
				E823AE20241392570053C571 /* JsonParser.swift in Sources */,
				E8C70266240EF76000518438 /* OpenWeatherApp.xcdatamodeld in Sources */,
				E823AE1D241388180053C571 /* Weather.swift in Sources */,
				E856857F24100B38008B7A29 /* Values.swift in Sources */,
				E8C7025E240EF76000518438 /* SceneDelegate.swift in Sources */,
				E856859724110BF0008B7A29 /* CollectionViewDataSource.swift in Sources */,
				E856857B240FC0C0008B7A29 /* UserDefaults.swift in Sources */,
				E8C70278240EF96200518438 /* CitiesListViewController.swift in Sources */,
				E8090A352415522400E2740A /* CityForecastViewController.swift in Sources */,
				E8090A3324153E2100E2740A /* CityWeather+CoreDataProperties.swift in Sources */,
				E856858C2410F57C008B7A29 /* CitiesGridViewController.swift in Sources */,
				E8568572240FB791008B7A29 /* UIcollectionView+Config.swift in Sources */,
			);
			runOnlyForDeploymentPostprocessing = 0;
		};
/* End PBXSourcesBuildPhase section */

/* Begin PBXVariantGroup section */
		E8C70269240EF76900518438 /* LaunchScreen.storyboard */ = {
			isa = PBXVariantGroup;
			children = (
				E8C7026A240EF76900518438 /* Base */,
			);
			name = LaunchScreen.storyboard;
			sourceTree = "<group>";
		};
/* End PBXVariantGroup section */

/* Begin XCBuildConfiguration section */
		E8C7026D240EF76900518438 /* Debug */ = {
			isa = XCBuildConfiguration;
			buildSettings = {
				ALWAYS_SEARCH_USER_PATHS = NO;
				CLANG_ANALYZER_NONNULL = YES;
				CLANG_ANALYZER_NUMBER_OBJECT_CONVERSION = YES_AGGRESSIVE;
				CLANG_CXX_LANGUAGE_STANDARD = "gnu++14";
				CLANG_CXX_LIBRARY = "libc++";
				CLANG_ENABLE_MODULES = YES;
				CLANG_ENABLE_OBJC_ARC = YES;
				CLANG_ENABLE_OBJC_WEAK = YES;
				CLANG_WARN_BLOCK_CAPTURE_AUTORELEASING = YES;
				CLANG_WARN_BOOL_CONVERSION = YES;
				CLANG_WARN_COMMA = YES;
				CLANG_WARN_CONSTANT_CONVERSION = YES;
				CLANG_WARN_DEPRECATED_OBJC_IMPLEMENTATIONS = YES;
				CLANG_WARN_DIRECT_OBJC_ISA_USAGE = YES_ERROR;
				CLANG_WARN_DOCUMENTATION_COMMENTS = YES;
				CLANG_WARN_EMPTY_BODY = YES;
				CLANG_WARN_ENUM_CONVERSION = YES;
				CLANG_WARN_INFINITE_RECURSION = YES;
				CLANG_WARN_INT_CONVERSION = YES;
				CLANG_WARN_NON_LITERAL_NULL_CONVERSION = YES;
				CLANG_WARN_OBJC_IMPLICIT_RETAIN_SELF = YES;
				CLANG_WARN_OBJC_LITERAL_CONVERSION = YES;
				CLANG_WARN_OBJC_ROOT_CLASS = YES_ERROR;
				CLANG_WARN_RANGE_LOOP_ANALYSIS = YES;
				CLANG_WARN_STRICT_PROTOTYPES = YES;
				CLANG_WARN_SUSPICIOUS_MOVE = YES;
				CLANG_WARN_UNGUARDED_AVAILABILITY = YES_AGGRESSIVE;
				CLANG_WARN_UNREACHABLE_CODE = YES;
				CLANG_WARN__DUPLICATE_METHOD_MATCH = YES;
				COPY_PHASE_STRIP = NO;
				DEBUG_INFORMATION_FORMAT = dwarf;
				ENABLE_STRICT_OBJC_MSGSEND = YES;
				ENABLE_TESTABILITY = YES;
				GCC_C_LANGUAGE_STANDARD = gnu11;
				GCC_DYNAMIC_NO_PIC = NO;
				GCC_NO_COMMON_BLOCKS = YES;
				GCC_OPTIMIZATION_LEVEL = 0;
				GCC_PREPROCESSOR_DEFINITIONS = (
					"DEBUG=1",
					"$(inherited)",
				);
				GCC_WARN_64_TO_32_BIT_CONVERSION = YES;
				GCC_WARN_ABOUT_RETURN_TYPE = YES_ERROR;
				GCC_WARN_UNDECLARED_SELECTOR = YES;
				GCC_WARN_UNINITIALIZED_AUTOS = YES_AGGRESSIVE;
				GCC_WARN_UNUSED_FUNCTION = YES;
				GCC_WARN_UNUSED_VARIABLE = YES;
				IPHONEOS_DEPLOYMENT_TARGET = 13.2;
				MTL_ENABLE_DEBUG_INFO = INCLUDE_SOURCE;
				MTL_FAST_MATH = YES;
				ONLY_ACTIVE_ARCH = YES;
				SDKROOT = iphoneos;
				SWIFT_ACTIVE_COMPILATION_CONDITIONS = DEBUG;
				SWIFT_OPTIMIZATION_LEVEL = "-Onone";
			};
			name = Debug;
		};
		E8C7026E240EF76900518438 /* Release */ = {
			isa = XCBuildConfiguration;
			buildSettings = {
				ALWAYS_SEARCH_USER_PATHS = NO;
				CLANG_ANALYZER_NONNULL = YES;
				CLANG_ANALYZER_NUMBER_OBJECT_CONVERSION = YES_AGGRESSIVE;
				CLANG_CXX_LANGUAGE_STANDARD = "gnu++14";
				CLANG_CXX_LIBRARY = "libc++";
				CLANG_ENABLE_MODULES = YES;
				CLANG_ENABLE_OBJC_ARC = YES;
				CLANG_ENABLE_OBJC_WEAK = YES;
				CLANG_WARN_BLOCK_CAPTURE_AUTORELEASING = YES;
				CLANG_WARN_BOOL_CONVERSION = YES;
				CLANG_WARN_COMMA = YES;
				CLANG_WARN_CONSTANT_CONVERSION = YES;
				CLANG_WARN_DEPRECATED_OBJC_IMPLEMENTATIONS = YES;
				CLANG_WARN_DIRECT_OBJC_ISA_USAGE = YES_ERROR;
				CLANG_WARN_DOCUMENTATION_COMMENTS = YES;
				CLANG_WARN_EMPTY_BODY = YES;
				CLANG_WARN_ENUM_CONVERSION = YES;
				CLANG_WARN_INFINITE_RECURSION = YES;
				CLANG_WARN_INT_CONVERSION = YES;
				CLANG_WARN_NON_LITERAL_NULL_CONVERSION = YES;
				CLANG_WARN_OBJC_IMPLICIT_RETAIN_SELF = YES;
				CLANG_WARN_OBJC_LITERAL_CONVERSION = YES;
				CLANG_WARN_OBJC_ROOT_CLASS = YES_ERROR;
				CLANG_WARN_RANGE_LOOP_ANALYSIS = YES;
				CLANG_WARN_STRICT_PROTOTYPES = YES;
				CLANG_WARN_SUSPICIOUS_MOVE = YES;
				CLANG_WARN_UNGUARDED_AVAILABILITY = YES_AGGRESSIVE;
				CLANG_WARN_UNREACHABLE_CODE = YES;
				CLANG_WARN__DUPLICATE_METHOD_MATCH = YES;
				COPY_PHASE_STRIP = NO;
				DEBUG_INFORMATION_FORMAT = "dwarf-with-dsym";
				ENABLE_NS_ASSERTIONS = NO;
				ENABLE_STRICT_OBJC_MSGSEND = YES;
				GCC_C_LANGUAGE_STANDARD = gnu11;
				GCC_NO_COMMON_BLOCKS = YES;
				GCC_WARN_64_TO_32_BIT_CONVERSION = YES;
				GCC_WARN_ABOUT_RETURN_TYPE = YES_ERROR;
				GCC_WARN_UNDECLARED_SELECTOR = YES;
				GCC_WARN_UNINITIALIZED_AUTOS = YES_AGGRESSIVE;
				GCC_WARN_UNUSED_FUNCTION = YES;
				GCC_WARN_UNUSED_VARIABLE = YES;
				IPHONEOS_DEPLOYMENT_TARGET = 13.2;
				MTL_ENABLE_DEBUG_INFO = NO;
				MTL_FAST_MATH = YES;
				SDKROOT = iphoneos;
				SWIFT_COMPILATION_MODE = wholemodule;
				SWIFT_OPTIMIZATION_LEVEL = "-O";
				VALIDATE_PRODUCT = YES;
			};
			name = Release;
		};
		E8C70270240EF76900518438 /* Debug */ = {
			isa = XCBuildConfiguration;
			buildSettings = {
				ASSETCATALOG_COMPILER_APPICON_NAME = AppIcon;
				CODE_SIGN_STYLE = Automatic;
				DEVELOPMENT_TEAM = FRF56FF5QD;
				INFOPLIST_FILE = OpenWeatherApp/Info.plist;
				LD_RUNPATH_SEARCH_PATHS = (
					"$(inherited)",
					"@executable_path/Frameworks",
				);
				PRODUCT_BUNDLE_IDENTIFIER = com.nbpapps.OpenWeatherApp;
				PRODUCT_NAME = "$(TARGET_NAME)";
				SWIFT_VERSION = 5.0;
				TARGETED_DEVICE_FAMILY = 1;
			};
			name = Debug;
		};
		E8C70271240EF76900518438 /* Release */ = {
			isa = XCBuildConfiguration;
			buildSettings = {
				ASSETCATALOG_COMPILER_APPICON_NAME = AppIcon;
				CODE_SIGN_STYLE = Automatic;
				DEVELOPMENT_TEAM = FRF56FF5QD;
				INFOPLIST_FILE = OpenWeatherApp/Info.plist;
				LD_RUNPATH_SEARCH_PATHS = (
					"$(inherited)",
					"@executable_path/Frameworks",
				);
				PRODUCT_BUNDLE_IDENTIFIER = com.nbpapps.OpenWeatherApp;
				PRODUCT_NAME = "$(TARGET_NAME)";
				SWIFT_VERSION = 5.0;
				TARGETED_DEVICE_FAMILY = 1;
			};
			name = Release;
		};
/* End XCBuildConfiguration section */

/* Begin XCConfigurationList section */
		E8C70253240EF76000518438 /* Build configuration list for PBXProject "OpenWeatherApp" */ = {
			isa = XCConfigurationList;
			buildConfigurations = (
				E8C7026D240EF76900518438 /* Debug */,
				E8C7026E240EF76900518438 /* Release */,
			);
			defaultConfigurationIsVisible = 0;
			defaultConfigurationName = Release;
		};
		E8C7026F240EF76900518438 /* Build configuration list for PBXNativeTarget "OpenWeatherApp" */ = {
			isa = XCConfigurationList;
			buildConfigurations = (
				E8C70270240EF76900518438 /* Debug */,
				E8C70271240EF76900518438 /* Release */,
			);
			defaultConfigurationIsVisible = 0;
			defaultConfigurationName = Release;
		};
/* End XCConfigurationList section */

/* Begin XCRemoteSwiftPackageReference section */
		E8568565240FAB78008B7A29 /* XCRemoteSwiftPackageReference "MyViewsCustomized" */ = {
			isa = XCRemoteSwiftPackageReference;
			repositoryURL = "https://github.com/nbpapps/MyViewsCustomized.git";
			requirement = {
				branch = master;
				kind = branch;
			};
		};
		E85685C624113F4C008B7A29 /* XCRemoteSwiftPackageReference "Moya" */ = {
			isa = XCRemoteSwiftPackageReference;
			repositoryURL = "https://github.com/Moya/Moya";
			requirement = {
				kind = upToNextMajorVersion;
				minimumVersion = 14.0.0;
			};
		};
/* End XCRemoteSwiftPackageReference section */

/* Begin XCSwiftPackageProductDependency section */
		E8568566240FAB78008B7A29 /* MyViewsCustomized */ = {
			isa = XCSwiftPackageProductDependency;
			package = E8568565240FAB78008B7A29 /* XCRemoteSwiftPackageReference "MyViewsCustomized" */;
			productName = MyViewsCustomized;
		};
		E85685C724113F4C008B7A29 /* Moya */ = {
			isa = XCSwiftPackageProductDependency;
			package = E85685C624113F4C008B7A29 /* XCRemoteSwiftPackageReference "Moya" */;
			productName = Moya;
		};
/* End XCSwiftPackageProductDependency section */

/* Begin XCVersionGroup section */
		E8C70264240EF76000518438 /* OpenWeatherApp.xcdatamodeld */ = {
			isa = XCVersionGroup;
			children = (
				E8C70265240EF76000518438 /* OpenWeatherApp.xcdatamodel */,
			);
			currentVersion = E8C70265240EF76000518438 /* OpenWeatherApp.xcdatamodel */;
			path = OpenWeatherApp.xcdatamodeld;
			sourceTree = "<group>";
			versionGroupType = wrapper.xcdatamodel;
		};
/* End XCVersionGroup section */
	};
	rootObject = E8C70250240EF76000518438 /* Project object */;
}
